{
  "name": "angular-daterangepicker",
  "version": "0.1.0",
  "lockfileVersion": 1,
  "dependencies": {
    "@types/node": {
      "version": "7.0.23",
      "resolved": "https://registry.npmjs.org/@types/node/-/node-7.0.23.tgz",
      "integrity": "sha512-F+qaJi0iw9Yk7Ugml+HtTi2r399gPEFfKh2lwr86/a/5LVHODiAllBlNCNrgo5sT9WRHl74ryEbXVeNUN3ToCQ==",
      "dev": true
    },
    "jquery": {
      "version": "3.2.1",
      "resolved": "https://registry.npmjs.org/jquery/-/jquery-3.2.1.tgz",
      "integrity": "sha1-XE2d5lKvbNCncBVKYxu6ErAVx4c="
    },
    "moment": {
      "version": "2.18.1",
      "resolved": "https://registry.npmjs.org/moment/-/moment-2.18.1.tgz",
      "integrity": "sha1-w2GT3Tzhwu7SrbfIAtu8d6gbHA8="
    }
  }
}
